
Microsoft Visual Studio Solution File, Format Version 12.00
# Visual Studio Version 17
VisualStudioVersion = 17.4.33213.308
MinimumVisualStudioVersion = 10.0.40219.1
Project("{FAE04EC0-301F-11D3-BF4B-00C04F79EFBC}") = "MagicVilla_API", "MagicVilla_API\MagicVilla_API.csproj", "{6C41D4DB-2C94-4915-B26B-02DF9978731D}"
EndProject
Global
	GlobalSection(SolutionConfigurationPlatforms) = preSolution
		Debug|Any CPU = Debug|Any CPU
		Release|Any CPU = Release|Any CPU
	EndGlobalSection
	GlobalSection(ProjectConfigurationPlatforms) = postSolution
		{6C41D4DB-2C94-4915-B26B-02DF9978731D}.Debug|Any CPU.ActiveCfg = Debug|Any CPU
		{6C41D4DB-2C94-4915-B26B-02DF9978731D}.Debug|Any CPU.Build.0 = Debug|Any CPU
		{6C41D4DB-2C94-4915-B26B-02DF9978731D}.Release|Any CPU.ActiveCfg = Release|Any CPU
		{6C41D4DB-2C94-4915-B26B-02DF9978731D}.Release|Any CPU.Build.0 = Release|Any CPU
	EndGlobalSection
	GlobalSection(SolutionProperties) = preSolution
		HideSolutionNode = FALSE
	EndGlobalSection
	GlobalSection(ExtensibilityGlobals) = postSolution
		SolutionGuid = {B480986A-8676-4F8D-B476-C94AF60EFED8}
	EndGlobalSection
EndGlobal
